
Microsoft Visual Studio Solution File, Format Version 12.00
# Visual Studio Version 17
VisualStudioVersion = 17.2.32516.85
MinimumVisualStudioVersion = 10.0.40219.1
Project("{FAE04EC0-301F-11D3-BF4B-00C04F79EFBC}") = "HelloMediatorPattern", "HelloMediatorPattern\HelloMediatorPattern.csproj", "{31A15EEF-CD08-4F73-821B-D4D1CD94AB6D}"
EndProject
Global
	GlobalSection(SolutionConfigurationPlatforms) = preSolution
		Debug|Any CPU = Debug|Any CPU
		Release|Any CPU = Release|Any CPU
	EndGlobalSection
	GlobalSection(ProjectConfigurationPlatforms) = postSolution
		{31A15EEF-CD08-4F73-821B-D4D1CD94AB6D}.Debug|Any CPU.ActiveCfg = Debug|Any CPU
		{31A15EEF-CD08-4F73-821B-D4D1CD94AB6D}.Debug|Any CPU.Build.0 = Debug|Any CPU
		{31A15EEF-CD08-4F73-821B-D4D1CD94AB6D}.Release|Any CPU.ActiveCfg = Release|Any CPU
		{31A15EEF-CD08-4F73-821B-D4D1CD94AB6D}.Release|Any CPU.Build.0 = Release|Any CPU
	EndGlobalSection
	GlobalSection(SolutionProperties) = preSolution
		HideSolutionNode = FALSE
	EndGlobalSection
	GlobalSection(ExtensibilityGlobals) = postSolution
		SolutionGuid = {19BFDEE9-E4AD-45A5-8C04-5C9AD7F13A8F}
	EndGlobalSection
EndGlobal
